{
  "name": "mcmodsync",
  "version": "1.0.0",
  "lockfileVersion": 3,
  "requires": true,
  "packages": {
    "": {
      "name": "mcmodsync",
      "version": "1.0.0",
      "license": "ISC",
      "dependencies": {
        "promise-ftp": "^1.3.5"
      },
      "devDependencies": {
        "@types/node": "^22.9.0",
        "@types/promise-ftp": "^1.3.8",
        "@types/ssh2": "^1.15.1",
        "@types/ssh2-sftp-client": "^9.0.4",
        "typescript": "^5.6.3"
      }
    },
    "node_modules/@icetee/ftp": {
      "version": "0.3.15",
      "resolved": "https://registry.npmjs.org/@icetee/ftp/-/ftp-0.3.15.tgz",
      "integrity": "sha512-RxSa9VjcDWgWCYsaLdZItdCnJj7p4LxggaEk+Y3MP0dHKoxez8ioG07DVekVbZZqccsrL+oPB/N9AzVPxj4blg==",
      "dependencies": {
        "readable-stream": "1.1.x",
        "xregexp": "2.0.0"
      },
      "engines": {
        "node": ">=0.8.0"
      }
    },
    "node_modules/@icetee/ftp/node_modules/readable-stream": {
      "version": "1.1.14",
      "resolved": "https://registry.npmjs.org/readable-stream/-/readable-stream-1.1.14.tgz",
      "integrity": "sha512-+MeVjFf4L44XUkhM1eYbD8fyEsxcV81pqMSR5gblfcLCHfZvbrqy4/qYHE+/R5HoBUT11WV5O08Cr1n3YXkWVQ==",
      "license": "MIT",
      "dependencies": {
        "core-util-is": "~1.0.0",
        "inherits": "~2.0.1",
        "isarray": "0.0.1",
        "string_decoder": "~0.10.x"
      }
    },
    "node_modules/@icetee/ftp/node_modules/string_decoder": {
      "version": "0.10.31",
      "resolved": "https://registry.npmjs.org/string_decoder/-/string_decoder-0.10.31.tgz",
      "integrity": "sha512-ev2QzSzWPYmy9GuqfIVildA4OdcGLeFZQrq5ys6RtiuF+RQQiZWr8TZNyAcuVXyQRYfEO+MsoB/1BuQVhOJuoQ==",
      "license": "MIT"
    },
    "node_modules/@types/bluebird": {
      "version": "3.5.42",
      "resolved": "https://registry.npmjs.org/@types/bluebird/-/bluebird-3.5.42.tgz",
      "integrity": "sha512-Jhy+MWRlro6UjVi578V/4ZGNfeCOcNCp0YaFNIUGFKlImowqwb1O/22wDVk3FDGMLqxdpOV3qQHD5fPEH4hK6A==",
      "dev": true,
      "license": "MIT"
    },
    "node_modules/@types/ftp": {
      "version": "0.3.36",
      "resolved": "https://registry.npmjs.org/@types/ftp/-/ftp-0.3.36.tgz",
      "integrity": "sha512-3U144rWCyiaf6xK6E+L9LGZYJ4sX+bFdjBHyna9qI38ecIdZd3alHt5vnQ1hODW6b6XVW8rZHk2BOVwUqPDw2Q==",
      "dev": true,
      "license": "MIT",
      "dependencies": {
        "@types/node": "*"
      }
    },
    "node_modules/@types/node": {
      "version": "22.9.0",
      "resolved": "https://registry.npmjs.org/@types/node/-/node-22.9.0.tgz",
      "integrity": "sha512-vuyHg81vvWA1Z1ELfvLko2c8f34gyA0zaic0+Rllc5lbCnbSyuvb2Oxpm6TAUAC/2xZN3QGqxBNggD1nNR2AfQ==",
      "dev": true,
      "license": "MIT",
      "dependencies": {
        "undici-types": "~6.19.8"
      }
    },
    "node_modules/@types/promise-ftp": {
      "version": "1.3.8",
      "resolved": "https://registry.npmjs.org/@types/promise-ftp/-/promise-ftp-1.3.8.tgz",
      "integrity": "sha512-+kWnAL5UW7hRcbcTUzoLZUJkgpmr809xlAyan8pDFL/XmQ2Lv2IBQwJFv/d64YaeLtxQ4mCt+FHnYSUJ7izhuQ==",
      "dev": true,
      "license": "MIT",
      "dependencies": {
        "@types/bluebird": "*",
        "@types/ftp": "*",
        "@types/node": "*",
        "@types/promise-ftp-common": "*"
      }
    },
    "node_modules/@types/promise-ftp-common": {
      "version": "1.1.3",
      "resolved": "https://registry.npmjs.org/@types/promise-ftp-common/-/promise-ftp-common-1.1.3.tgz",
      "integrity": "sha512-9MS6lU9SiCNuB8h51+I2VgzLjqDRmReCiWltXev2jLtkHQmioD/iRwXzzaqvVD49iQwBIKzbnj7oHm/XUM+RWQ==",
      "dev": true,
      "license": "MIT"
    },
    "node_modules/@types/ssh2": {
      "version": "1.15.1",
      "resolved": "https://registry.npmjs.org/@types/ssh2/-/ssh2-1.15.1.tgz",
      "integrity": "sha512-ZIbEqKAsi5gj35y4P4vkJYly642wIbY6PqoN0xiyQGshKUGXR9WQjF/iF9mXBQ8uBKy3ezfsCkcoHKhd0BzuDA==",
      "dev": true,
      "license": "MIT",
      "dependencies": {
        "@types/node": "^18.11.18"
      }
    },
    "node_modules/@types/ssh2-sftp-client": {
      "version": "9.0.4",
      "resolved": "https://registry.npmjs.org/@types/ssh2-sftp-client/-/ssh2-sftp-client-9.0.4.tgz",
      "integrity": "sha512-gnIn56MTB9W3A3hPL/1sHI23t8YwcE3eVYa1O2XjT9vaqimFdtNHxyQiy5Y78+ociQTKazMSD8YyMEO4QjNMrg==",
      "dev": true,
      "license": "MIT",
      "dependencies": {
        "@types/ssh2": "^1.0.0"
      }
    },
    "node_modules/@types/ssh2/node_modules/@types/node": {
      "version": "18.19.64",
      "resolved": "https://registry.npmjs.org/@types/node/-/node-18.19.64.tgz",
      "integrity": "sha512-955mDqvO2vFf/oL7V3WiUtiz+BugyX8uVbaT2H8oj3+8dRyH2FLiNdowe7eNqRM7IOIZvzDH76EoAT+gwm6aIQ==",
      "dev": true,
      "license": "MIT",
      "dependencies": {
        "undici-types": "~5.26.4"
      }
    },
    "node_modules/@types/ssh2/node_modules/undici-types": {
      "version": "5.26.5",
      "resolved": "https://registry.npmjs.org/undici-types/-/undici-types-5.26.5.tgz",
      "integrity": "sha512-JlCMO+ehdEIKqlFxk6IfVoAUVmgz7cU7zD/h9XZ0qzeosSHmUJVOzSQvvYSYWXkFXC+IfLKSIffhv0sVZup6pA==",
      "dev": true,
      "license": "MIT"
    },
    "node_modules/bluebird": {
      "version": "2.11.0",
      "resolved": "https://registry.npmjs.org/bluebird/-/bluebird-2.11.0.tgz",
      "integrity": "sha512-UfFSr22dmHPQqPP9XWHRhq+gWnHCYguQGkXQlbyPtW5qTnhFWA8/iXg765tH0cAjy7l/zPJ1aBTO0g5XgA7kvQ==",
      "license": "MIT"
    },
    "node_modules/core-util-is": {
      "version": "1.0.3",
      "resolved": "https://registry.npmjs.org/core-util-is/-/core-util-is-1.0.3.tgz",
      "integrity": "sha512-ZQBvi1DcpJ4GDqanjucZ2Hj3wEO5pZDS89BWbkcrvdxksJorwUDDZamX9ldFkp9aw2lmBDLgkObEA4DWNJ9FYQ==",
      "license": "MIT"
    },
    "node_modules/inherits": {
      "version": "2.0.4",
      "resolved": "https://registry.npmjs.org/inherits/-/inherits-2.0.4.tgz",
      "integrity": "sha512-k/vGaX4/Yla3WzyMCvTQOXYeIHvqOKtnqBduzTHpzpQZzAskKMhZ2K+EnBiSM9zGSoIFeMpXKxa4dYeZIQqewQ==",
      "license": "ISC"
    },
    "node_modules/isarray": {
      "version": "0.0.1",
      "resolved": "https://registry.npmjs.org/isarray/-/isarray-0.0.1.tgz",
      "integrity": "sha512-D2S+3GLxWH+uhrNEcoh/fnmYeP8E8/zHl644d/jdA0g2uyXvy3sb0qxotE+ne0LtccHknQzWwZEzhak7oJ0COQ==",
      "license": "MIT"
    },
    "node_modules/promise-ftp": {
      "version": "1.3.5",
      "resolved": "https://registry.npmjs.org/promise-ftp/-/promise-ftp-1.3.5.tgz",
      "integrity": "sha512-v368jPSqzmjjKDIyggulC+dRFcpAOEX7aFdEWkFYQp8Ao3P2N4Y6XnFFdKgK7PtkylwvGQkZR/65HZuzmq0V7A==",
      "license": "MIT",
      "dependencies": {
        "@icetee/ftp": "^0.3.15",
        "bluebird": "2.x",
        "promise-ftp-common": "^1.1.5"
      },
      "engines": {
        "iojs": "*",
        "node": ">=0.11.13"
      },
      "peerDependencies": {
        "promise-ftp-common": "^1.1.5"
      }
    },
    "node_modules/promise-ftp-common": {
      "version": "1.1.5",
      "resolved": "https://registry.npmjs.org/promise-ftp-common/-/promise-ftp-common-1.1.5.tgz",
      "integrity": "sha512-a84F/zM2Z0Ry/ht3nXfV6Ze7BISOQlWrct/YObrluJn8qy2LVeeQ+IJ7jD4bkmM0N2xfXYy5nurz4L1KEj+rJg==",
      "license": "MIT"
    },
    "node_modules/typescript": {
      "version": "5.6.3",
      "resolved": "https://registry.npmjs.org/typescript/-/typescript-5.6.3.tgz",
      "integrity": "sha512-hjcS1mhfuyi4WW8IWtjP7brDrG2cuDZukyrYrSauoXGNgx0S7zceP07adYkJycEr56BOUTNPzbInooiN3fn1qw==",
      "dev": true,
      "license": "Apache-2.0",
      "bin": {
        "tsc": "bin/tsc",
        "tsserver": "bin/tsserver"
      },
      "engines": {
        "node": ">=14.17"
      }
    },
    "node_modules/undici-types": {
      "version": "6.19.8",
      "resolved": "https://registry.npmjs.org/undici-types/-/undici-types-6.19.8.tgz",
      "integrity": "sha512-ve2KP6f/JnbPBFyobGHuerC9g1FYGn/F8n1LWTwNxCEzd6IfqTwUQcNXgEtmmQ6DlRrC1hrSrBnCZPokRrDHjw==",
      "dev": true,
      "license": "MIT"
    },
    "node_modules/xregexp": {
      "version": "2.0.0",
      "resolved": "https://registry.npmjs.org/xregexp/-/xregexp-2.0.0.tgz",
      "integrity": "sha512-xl/50/Cf32VsGq/1R8jJE5ajH1yMCQkpmoS10QbFZWl2Oor4H0Me64Pu2yxvsRWK3m6soJbmGfzSR7BYmDcWAA==",
      "license": "MIT",
      "engines": {
        "node": "*"
      }
    }
  }
}
